
Microsoft Visual Studio Solution File, Format Version 12.00
# Visual Studio 15
Project("{FAE04EC0-301F-11D3-BF4B-00C04F79EFBC}") = "VRC.SDKBase", "VRC.SDKBase.csproj", "{B4A36682-E1FC-FD2A-3903-30A715E2F307}"
EndProject
Project("{FAE04EC0-301F-11D3-BF4B-00C04F79EFBC}") = "VRC.Udon.Serialization.OdinSerializer", "VRC.Udon.Serialization.OdinSerializer.csproj", "{8B5349F5-58FB-28DD-5FFE-DB228689AABC}"
EndProject
Project("{FAE04EC0-301F-11D3-BF4B-00C04F79EFBC}") = "UniTask", "UniTask.csproj", "{6A1A77D1-E393-711C-7565-1D56B3CD8E69}"
EndProject
Project("{FAE04EC0-301F-11D3-BF4B-00C04F79EFBC}") = "UdonSharp.Runtime", "UdonSharp.Runtime.csproj", "{AAE43F9C-6DBD-8C36-EB7A-0D9E27D2E069}"
EndProject
Project("{FAE04EC0-301F-11D3-BF4B-00C04F79EFBC}") = "VRC.Udon", "VRC.Udon.csproj", "{390E8834-C819-549F-2D12-D14D9F9312AC}"
EndProject
Project("{FAE04EC0-301F-11D3-BF4B-00C04F79EFBC}") = "UniTask.Linq", "UniTask.Linq.csproj", "{3996EFE6-8FD8-07CF-481B-8B657BF8984C}"
EndProject
Project("{FAE04EC0-301F-11D3-BF4B-00C04F79EFBC}") = "VRC.ClientSim", "VRC.ClientSim.csproj", "{221103AE-69D5-7425-485F-89BADCD87E15}"
EndProject
Project("{FAE04EC0-301F-11D3-BF4B-00C04F79EFBC}") = "VRC.SDK3", "VRC.SDK3.csproj", "{5912063B-D4F7-F4FD-397B-B73489DA5907}"
EndProject
Project("{FAE04EC0-301F-11D3-BF4B-00C04F79EFBC}") = "UdonSharp.Lib", "UdonSharp.Lib.csproj", "{EEF2E0F6-B63A-3C11-DF04-5CF29FDFD982}"
EndProject
Project("{FAE04EC0-301F-11D3-BF4B-00C04F79EFBC}") = "VRC.SDKBase.Editor.BuildPipeline", "VRC.SDKBase.Editor.BuildPipeline.csproj", "{41D77019-98C6-B847-B03B-8F1C44AF4A5E}"
EndProject
Project("{FAE04EC0-301F-11D3-BF4B-00C04F79EFBC}") = "UniTask.TextMeshPro", "UniTask.TextMeshPro.csproj", "{F8F65A8F-A081-593C-29A5-FD09657E4925}"
EndProject
Project("{FAE04EC0-301F-11D3-BF4B-00C04F79EFBC}") = "UniTask.DOTween", "UniTask.DOTween.csproj", "{14C6F23D-C92B-9F3A-C0C4-73ED5DB492E8}"
EndProject
Project("{FAE04EC0-301F-11D3-BF4B-00C04F79EFBC}") = "UniTask.Addressables", "UniTask.Addressables.csproj", "{8AC6F813-844D-9C32-1C57-4FE3294008D3}"
EndProject
Project("{FAE04EC0-301F-11D3-BF4B-00C04F79EFBC}") = "Assembly-CSharp", "Assembly-CSharp.csproj", "{C36FA8A4-F402-6C7D-0121-A7830F318F2F}"
EndProject
Project("{FAE04EC0-301F-11D3-BF4B-00C04F79EFBC}") = "UdonSharp.Editor", "UdonSharp.Editor.csproj", "{98378A9C-3841-C0AD-4815-C9CB381D0BD1}"
EndProject
Project("{FAE04EC0-301F-11D3-BF4B-00C04F79EFBC}") = "VRC.SDKBase.Editor", "VRC.SDKBase.Editor.csproj", "{24A5E730-8DC1-2933-7FDD-FF558D4D0E18}"
EndProject
Project("{FAE04EC0-301F-11D3-BF4B-00C04F79EFBC}") = "VRC.Udon.Editor", "VRC.Udon.Editor.csproj", "{EAF7AC83-2BEA-AE8B-1C4E-F8CBEB4EE3E9}"
EndProject
Project("{FAE04EC0-301F-11D3-BF4B-00C04F79EFBC}") = "VRC.SDK3.Editor", "VRC.SDK3.Editor.csproj", "{31D5EE2B-74AD-B009-5A21-4AF509EAD74C}"
EndProject
Project("{FAE04EC0-301F-11D3-BF4B-00C04F79EFBC}") = "UnityEditorTests", "UnityEditorTests.csproj", "{53052575-28A3-D86E-9685-AEF958DA7052}"
EndProject
Project("{FAE04EC0-301F-11D3-BF4B-00C04F79EFBC}") = "VRC.SDKBase.Editor.ShaderStripping", "VRC.SDKBase.Editor.ShaderStripping.csproj", "{0C2FD816-C6C1-CB66-0BDF-2A4429048013}"
EndProject
Project("{FAE04EC0-301F-11D3-BF4B-00C04F79EFBC}") = "com.vrchat.core.vpm-resolver.Editor", "com.vrchat.core.vpm-resolver.Editor.csproj", "{83CEC689-5DBB-66F9-5F2E-B5E91FAE9A43}"
EndProject
Project("{FAE04EC0-301F-11D3-BF4B-00C04F79EFBC}") = "VRC.ClientSim.Editor", "VRC.ClientSim.Editor.csproj", "{F6816EDB-500F-C35F-9BC9-13FC68ECF301}"
EndProject
Project("{FAE04EC0-301F-11D3-BF4B-00C04F79EFBC}") = "UniTask.Editor", "UniTask.Editor.csproj", "{CEBD352B-AF2E-80E8-18BA-639256723CFA}"
EndProject
Project("{FAE04EC0-301F-11D3-BF4B-00C04F79EFBC}") = "Assembly-CSharp-Editor", "Assembly-CSharp-Editor.csproj", "{0AB0247A-A194-8EBB-AB84-036DB71003D5}"
EndProject
Global
	GlobalSection(SolutionConfigurationPlatforms) = preSolution
		Debug|Any CPU = Debug|Any CPU
		Release|Any CPU = Release|Any CPU
	EndGlobalSection
	GlobalSection(ProjectConfigurationPlatforms) = postSolution
		{B4A36682-E1FC-FD2A-3903-30A715E2F307}.Debug|Any CPU.ActiveCfg = Debug|Any CPU
		{B4A36682-E1FC-FD2A-3903-30A715E2F307}.Debug|Any CPU.Build.0 = Debug|Any CPU
		{B4A36682-E1FC-FD2A-3903-30A715E2F307}.Release|Any CPU.ActiveCfg = Release|Any CPU
		{B4A36682-E1FC-FD2A-3903-30A715E2F307}.Release|Any CPU.Build.0 = Release|Any CPU
		{8B5349F5-58FB-28DD-5FFE-DB228689AABC}.Debug|Any CPU.ActiveCfg = Debug|Any CPU
		{8B5349F5-58FB-28DD-5FFE-DB228689AABC}.Debug|Any CPU.Build.0 = Debug|Any CPU
		{8B5349F5-58FB-28DD-5FFE-DB228689AABC}.Release|Any CPU.ActiveCfg = Release|Any CPU
		{8B5349F5-58FB-28DD-5FFE-DB228689AABC}.Release|Any CPU.Build.0 = Release|Any CPU
		{6A1A77D1-E393-711C-7565-1D56B3CD8E69}.Debug|Any CPU.ActiveCfg = Debug|Any CPU
		{6A1A77D1-E393-711C-7565-1D56B3CD8E69}.Debug|Any CPU.Build.0 = Debug|Any CPU
		{6A1A77D1-E393-711C-7565-1D56B3CD8E69}.Release|Any CPU.ActiveCfg = Release|Any CPU
		{6A1A77D1-E393-711C-7565-1D56B3CD8E69}.Release|Any CPU.Build.0 = Release|Any CPU
		{AAE43F9C-6DBD-8C36-EB7A-0D9E27D2E069}.Debug|Any CPU.ActiveCfg = Debug|Any CPU
		{AAE43F9C-6DBD-8C36-EB7A-0D9E27D2E069}.Debug|Any CPU.Build.0 = Debug|Any CPU
		{AAE43F9C-6DBD-8C36-EB7A-0D9E27D2E069}.Release|Any CPU.ActiveCfg = Release|Any CPU
		{AAE43F9C-6DBD-8C36-EB7A-0D9E27D2E069}.Release|Any CPU.Build.0 = Release|Any CPU
		{390E8834-C819-549F-2D12-D14D9F9312AC}.Debug|Any CPU.ActiveCfg = Debug|Any CPU
		{390E8834-C819-549F-2D12-D14D9F9312AC}.Debug|Any CPU.Build.0 = Debug|Any CPU
		{390E8834-C819-549F-2D12-D14D9F9312AC}.Release|Any CPU.ActiveCfg = Release|Any CPU
		{390E8834-C819-549F-2D12-D14D9F9312AC}.Release|Any CPU.Build.0 = Release|Any CPU
		{3996EFE6-8FD8-07CF-481B-8B657BF8984C}.Debug|Any CPU.ActiveCfg = Debug|Any CPU
		{3996EFE6-8FD8-07CF-481B-8B657BF8984C}.Debug|Any CPU.Build.0 = Debug|Any CPU
		{3996EFE6-8FD8-07CF-481B-8B657BF8984C}.Release|Any CPU.ActiveCfg = Release|Any CPU
		{3996EFE6-8FD8-07CF-481B-8B657BF8984C}.Release|Any CPU.Build.0 = Release|Any CPU
		{221103AE-69D5-7425-485F-89BADCD87E15}.Debug|Any CPU.ActiveCfg = Debug|Any CPU
		{221103AE-69D5-7425-485F-89BADCD87E15}.Debug|Any CPU.Build.0 = Debug|Any CPU
		{221103AE-69D5-7425-485F-89BADCD87E15}.Release|Any CPU.ActiveCfg = Release|Any CPU
		{221103AE-69D5-7425-485F-89BADCD87E15}.Release|Any CPU.Build.0 = Release|Any CPU
		{5912063B-D4F7-F4FD-397B-B73489DA5907}.Debug|Any CPU.ActiveCfg = Debug|Any CPU
		{5912063B-D4F7-F4FD-397B-B73489DA5907}.Debug|Any CPU.Build.0 = Debug|Any CPU
		{5912063B-D4F7-F4FD-397B-B73489DA5907}.Release|Any CPU.ActiveCfg = Release|Any CPU
		{5912063B-D4F7-F4FD-397B-B73489DA5907}.Release|Any CPU.Build.0 = Release|Any CPU
		{EEF2E0F6-B63A-3C11-DF04-5CF29FDFD982}.Debug|Any CPU.ActiveCfg = Debug|Any CPU
		{EEF2E0F6-B63A-3C11-DF04-5CF29FDFD982}.Debug|Any CPU.Build.0 = Debug|Any CPU
		{EEF2E0F6-B63A-3C11-DF04-5CF29FDFD982}.Release|Any CPU.ActiveCfg = Release|Any CPU
		{EEF2E0F6-B63A-3C11-DF04-5CF29FDFD982}.Release|Any CPU.Build.0 = Release|Any CPU
		{41D77019-98C6-B847-B03B-8F1C44AF4A5E}.Debug|Any CPU.ActiveCfg = Debug|Any CPU
		{41D77019-98C6-B847-B03B-8F1C44AF4A5E}.Debug|Any CPU.Build.0 = Debug|Any CPU
		{41D77019-98C6-B847-B03B-8F1C44AF4A5E}.Release|Any CPU.ActiveCfg = Release|Any CPU
		{41D77019-98C6-B847-B03B-8F1C44AF4A5E}.Release|Any CPU.Build.0 = Release|Any CPU
		{F8F65A8F-A081-593C-29A5-FD09657E4925}.Debug|Any CPU.ActiveCfg = Debug|Any CPU
		{F8F65A8F-A081-593C-29A5-FD09657E4925}.Debug|Any CPU.Build.0 = Debug|Any CPU
		{F8F65A8F-A081-593C-29A5-FD09657E4925}.Release|Any CPU.ActiveCfg = Release|Any CPU
		{F8F65A8F-A081-593C-29A5-FD09657E4925}.Release|Any CPU.Build.0 = Release|Any CPU
		{14C6F23D-C92B-9F3A-C0C4-73ED5DB492E8}.Debug|Any CPU.ActiveCfg = Debug|Any CPU
		{14C6F23D-C92B-9F3A-C0C4-73ED5DB492E8}.Debug|Any CPU.Build.0 = Debug|Any CPU
		{14C6F23D-C92B-9F3A-C0C4-73ED5DB492E8}.Release|Any CPU.ActiveCfg = Release|Any CPU
		{14C6F23D-C92B-9F3A-C0C4-73ED5DB492E8}.Release|Any CPU.Build.0 = Release|Any CPU
		{8AC6F813-844D-9C32-1C57-4FE3294008D3}.Debug|Any CPU.ActiveCfg = Debug|Any CPU
		{8AC6F813-844D-9C32-1C57-4FE3294008D3}.Debug|Any CPU.Build.0 = Debug|Any CPU
		{8AC6F813-844D-9C32-1C57-4FE3294008D3}.Release|Any CPU.ActiveCfg = Release|Any CPU
		{8AC6F813-844D-9C32-1C57-4FE3294008D3}.Release|Any CPU.Build.0 = Release|Any CPU
		{C36FA8A4-F402-6C7D-0121-A7830F318F2F}.Debug|Any CPU.ActiveCfg = Debug|Any CPU
		{C36FA8A4-F402-6C7D-0121-A7830F318F2F}.Debug|Any CPU.Build.0 = Debug|Any CPU
		{C36FA8A4-F402-6C7D-0121-A7830F318F2F}.Release|Any CPU.ActiveCfg = Release|Any CPU
		{C36FA8A4-F402-6C7D-0121-A7830F318F2F}.Release|Any CPU.Build.0 = Release|Any CPU
		{98378A9C-3841-C0AD-4815-C9CB381D0BD1}.Debug|Any CPU.ActiveCfg = Debug|Any CPU
		{98378A9C-3841-C0AD-4815-C9CB381D0BD1}.Debug|Any CPU.Build.0 = Debug|Any CPU
		{98378A9C-3841-C0AD-4815-C9CB381D0BD1}.Release|Any CPU.ActiveCfg = Release|Any CPU
		{98378A9C-3841-C0AD-4815-C9CB381D0BD1}.Release|Any CPU.Build.0 = Release|Any CPU
		{24A5E730-8DC1-2933-7FDD-FF558D4D0E18}.Debug|Any CPU.ActiveCfg = Debug|Any CPU
		{24A5E730-8DC1-2933-7FDD-FF558D4D0E18}.Debug|Any CPU.Build.0 = Debug|Any CPU
		{24A5E730-8DC1-2933-7FDD-FF558D4D0E18}.Release|Any CPU.ActiveCfg = Release|Any CPU
		{24A5E730-8DC1-2933-7FDD-FF558D4D0E18}.Release|Any CPU.Build.0 = Release|Any CPU
		{EAF7AC83-2BEA-AE8B-1C4E-F8CBEB4EE3E9}.Debug|Any CPU.ActiveCfg = Debug|Any CPU
		{EAF7AC83-2BEA-AE8B-1C4E-F8CBEB4EE3E9}.Debug|Any CPU.Build.0 = Debug|Any CPU
		{EAF7AC83-2BEA-AE8B-1C4E-F8CBEB4EE3E9}.Release|Any CPU.ActiveCfg = Release|Any CPU
		{EAF7AC83-2BEA-AE8B-1C4E-F8CBEB4EE3E9}.Release|Any CPU.Build.0 = Release|Any CPU
		{31D5EE2B-74AD-B009-5A21-4AF509EAD74C}.Debug|Any CPU.ActiveCfg = Debug|Any CPU
		{31D5EE2B-74AD-B009-5A21-4AF509EAD74C}.Debug|Any CPU.Build.0 = Debug|Any CPU
		{31D5EE2B-74AD-B009-5A21-4AF509EAD74C}.Release|Any CPU.ActiveCfg = Release|Any CPU
		{31D5EE2B-74AD-B009-5A21-4AF509EAD74C}.Release|Any CPU.Build.0 = Release|Any CPU
		{53052575-28A3-D86E-9685-AEF958DA7052}.Debug|Any CPU.ActiveCfg = Debug|Any CPU
		{53052575-28A3-D86E-9685-AEF958DA7052}.Debug|Any CPU.Build.0 = Debug|Any CPU
		{53052575-28A3-D86E-9685-AEF958DA7052}.Release|Any CPU.ActiveCfg = Release|Any CPU
		{53052575-28A3-D86E-9685-AEF958DA7052}.Release|Any CPU.Build.0 = Release|Any CPU
		{0C2FD816-C6C1-CB66-0BDF-2A4429048013}.Debug|Any CPU.ActiveCfg = Debug|Any CPU
		{0C2FD816-C6C1-CB66-0BDF-2A4429048013}.Debug|Any CPU.Build.0 = Debug|Any CPU
		{0C2FD816-C6C1-CB66-0BDF-2A4429048013}.Release|Any CPU.ActiveCfg = Release|Any CPU
		{0C2FD816-C6C1-CB66-0BDF-2A4429048013}.Release|Any CPU.Build.0 = Release|Any CPU
		{83CEC689-5DBB-66F9-5F2E-B5E91FAE9A43}.Debug|Any CPU.ActiveCfg = Debug|Any CPU
		{83CEC689-5DBB-66F9-5F2E-B5E91FAE9A43}.Debug|Any CPU.Build.0 = Debug|Any CPU
		{83CEC689-5DBB-66F9-5F2E-B5E91FAE9A43}.Release|Any CPU.ActiveCfg = Release|Any CPU
		{83CEC689-5DBB-66F9-5F2E-B5E91FAE9A43}.Release|Any CPU.Build.0 = Release|Any CPU
		{F6816EDB-500F-C35F-9BC9-13FC68ECF301}.Debug|Any CPU.ActiveCfg = Debug|Any CPU
		{F6816EDB-500F-C35F-9BC9-13FC68ECF301}.Debug|Any CPU.Build.0 = Debug|Any CPU
		{F6816EDB-500F-C35F-9BC9-13FC68ECF301}.Release|Any CPU.ActiveCfg = Release|Any CPU
		{F6816EDB-500F-C35F-9BC9-13FC68ECF301}.Release|Any CPU.Build.0 = Release|Any CPU
		{CEBD352B-AF2E-80E8-18BA-639256723CFA}.Debug|Any CPU.ActiveCfg = Debug|Any CPU
		{CEBD352B-AF2E-80E8-18BA-639256723CFA}.Debug|Any CPU.Build.0 = Debug|Any CPU
		{CEBD352B-AF2E-80E8-18BA-639256723CFA}.Release|Any CPU.ActiveCfg = Release|Any CPU
		{CEBD352B-AF2E-80E8-18BA-639256723CFA}.Release|Any CPU.Build.0 = Release|Any CPU
		{0AB0247A-A194-8EBB-AB84-036DB71003D5}.Debug|Any CPU.ActiveCfg = Debug|Any CPU
		{0AB0247A-A194-8EBB-AB84-036DB71003D5}.Debug|Any CPU.Build.0 = Debug|Any CPU
		{0AB0247A-A194-8EBB-AB84-036DB71003D5}.Release|Any CPU.ActiveCfg = Release|Any CPU
		{0AB0247A-A194-8EBB-AB84-036DB71003D5}.Release|Any CPU.Build.0 = Release|Any CPU
	EndGlobalSection
	GlobalSection(SolutionProperties) = preSolution
		HideSolutionNode = FALSE
	EndGlobalSection
EndGlobal
